
Microsoft Visual Studio Solution File, Format Version 12.00
# Visual Studio Version 17
VisualStudioVersion = 17.12.35506.116 d17.12
MinimumVisualStudioVersion = 10.0.40219.1
Project("{FAE04EC0-301F-11D3-BF4B-00C04F79EFBC}") = "EquipmentSolver.Server", "EquipmentSolver.Server\EquipmentSolver.Server.csproj", "{4FC201C0-1315-444B-BD5F-BDE027E2DB49}"
EndProject
Project("{54A90642-561A-4BB1-A94E-469ADEE60C69}") = "equipmentsolver.client", "equipmentsolver.client\equipmentsolver.client.esproj", "{38B701A8-5C84-4C2A-9806-1D26F4215BAD}"
EndProject
Global
	GlobalSection(SolutionConfigurationPlatforms) = preSolution
		Debug|Any CPU = Debug|Any CPU
		Release|Any CPU = Release|Any CPU
	EndGlobalSection
	GlobalSection(ProjectConfigurationPlatforms) = postSolution
		{4FC201C0-1315-444B-BD5F-BDE027E2DB49}.Debug|Any CPU.ActiveCfg = Debug|Any CPU
		{4FC201C0-1315-444B-BD5F-BDE027E2DB49}.Debug|Any CPU.Build.0 = Debug|Any CPU
		{4FC201C0-1315-444B-BD5F-BDE027E2DB49}.Release|Any CPU.ActiveCfg = Release|Any CPU
		{4FC201C0-1315-444B-BD5F-BDE027E2DB49}.Release|Any CPU.Build.0 = Release|Any CPU
		{38B701A8-5C84-4C2A-9806-1D26F4215BAD}.Debug|Any CPU.ActiveCfg = Debug|Any CPU
		{38B701A8-5C84-4C2A-9806-1D26F4215BAD}.Debug|Any CPU.Build.0 = Debug|Any CPU
		{38B701A8-5C84-4C2A-9806-1D26F4215BAD}.Debug|Any CPU.Deploy.0 = Debug|Any CPU
		{38B701A8-5C84-4C2A-9806-1D26F4215BAD}.Release|Any CPU.ActiveCfg = Release|Any CPU
		{38B701A8-5C84-4C2A-9806-1D26F4215BAD}.Release|Any CPU.Build.0 = Release|Any CPU
		{38B701A8-5C84-4C2A-9806-1D26F4215BAD}.Release|Any CPU.Deploy.0 = Release|Any CPU
	EndGlobalSection
	GlobalSection(SolutionProperties) = preSolution
		HideSolutionNode = FALSE
	EndGlobalSection
EndGlobal
